
Microsoft Visual Studio Solution File, Format Version 12.00
# Visual Studio 15
Project("{FAE04EC0-301F-11D3-BF4B-00C04F79EFBC}") = "ProjectFAANG", "ProjectFAANG.csproj", "{81E1821F-D5DA-4365-B06B-13EE64F25322}"
EndProject
Global
	GlobalSection(SolutionConfigurationPlatforms) = preSolution
		Debug|anycpu = Debug|anycpu
		Release|anycpu = Release|anycpu
	EndGlobalSection
	GlobalSection(ProjectConfigurationPlatforms) = postSolution
		{81E1821F-D5DA-4365-B06B-13EE64F25322}.Debug|anycpu.ActiveCfg = Debug|anycpu
		{81E1821F-D5DA-4365-B06B-13EE64F25322}.Debug|anycpu.Build.0 = Debug|anycpu
		{81E1821F-D5DA-4365-B06B-13EE64F25322}.Release|anycpu.ActiveCfg = Release|anycpu
		{81E1821F-D5DA-4365-B06B-13EE64F25322}.Release|anycpu.Build.0 = Release|anycpu
	EndGlobalSection
EndGlobal
